
Microsoft Visual Studio Solution File, Format Version 12.00
# Visual Studio Version 17
VisualStudioVersion = 17.3.32804.467
MinimumVisualStudioVersion = 10.0.40219.1
Project("{FAE04EC0-301F-11D3-BF4B-00C04F79EFBC}") = "28thSeptember2022", "28thSeptember2022\28thSeptember2022.csproj", "{D14C660F-463C-4CBB-8036-ABD95ACCFE6B}"
	ProjectSection(ProjectDependencies) = postProject
		{296739DA-EA6D-4749-AD60-92D399C97EAB} = {296739DA-EA6D-4749-AD60-92D399C97EAB}
	EndProjectSection
EndProject
Project("{FAE04EC0-301F-11D3-BF4B-00C04F79EFBC}") = "DataAccessLibrary", "DataAccessLibrary\DataAccessLibrary.csproj", "{5C8C6DDC-31C0-437B-B528-FFEA03039BDF}"
EndProject
Project("{FAE04EC0-301F-11D3-BF4B-00C04F79EFBC}") = "BusinessLogicLibrarydemo", "BusinessLogicLibrarydemo\BusinessLogicLibrarydemo.csproj", "{296739DA-EA6D-4749-AD60-92D399C97EAB}"
	ProjectSection(ProjectDependencies) = postProject
		{5C8C6DDC-31C0-437B-B528-FFEA03039BDF} = {5C8C6DDC-31C0-437B-B528-FFEA03039BDF}
	EndProjectSection
EndProject
Global
	GlobalSection(SolutionConfigurationPlatforms) = preSolution
		Debug|Any CPU = Debug|Any CPU
		Release|Any CPU = Release|Any CPU
	EndGlobalSection
	GlobalSection(ProjectConfigurationPlatforms) = postSolution
		{D14C660F-463C-4CBB-8036-ABD95ACCFE6B}.Debug|Any CPU.ActiveCfg = Debug|Any CPU
		{D14C660F-463C-4CBB-8036-ABD95ACCFE6B}.Debug|Any CPU.Build.0 = Debug|Any CPU
		{D14C660F-463C-4CBB-8036-ABD95ACCFE6B}.Release|Any CPU.ActiveCfg = Release|Any CPU
		{D14C660F-463C-4CBB-8036-ABD95ACCFE6B}.Release|Any CPU.Build.0 = Release|Any CPU
		{5C8C6DDC-31C0-437B-B528-FFEA03039BDF}.Debug|Any CPU.ActiveCfg = Debug|Any CPU
		{5C8C6DDC-31C0-437B-B528-FFEA03039BDF}.Debug|Any CPU.Build.0 = Debug|Any CPU
		{5C8C6DDC-31C0-437B-B528-FFEA03039BDF}.Release|Any CPU.ActiveCfg = Release|Any CPU
		{5C8C6DDC-31C0-437B-B528-FFEA03039BDF}.Release|Any CPU.Build.0 = Release|Any CPU
		{296739DA-EA6D-4749-AD60-92D399C97EAB}.Debug|Any CPU.ActiveCfg = Debug|Any CPU
		{296739DA-EA6D-4749-AD60-92D399C97EAB}.Debug|Any CPU.Build.0 = Debug|Any CPU
		{296739DA-EA6D-4749-AD60-92D399C97EAB}.Release|Any CPU.ActiveCfg = Release|Any CPU
		{296739DA-EA6D-4749-AD60-92D399C97EAB}.Release|Any CPU.Build.0 = Release|Any CPU
	EndGlobalSection
	GlobalSection(SolutionProperties) = preSolution
		HideSolutionNode = FALSE
	EndGlobalSection
	GlobalSection(ExtensibilityGlobals) = postSolution
		SolutionGuid = {31BF496D-3C92-48C3-8A24-A68CDF4B97B4}
	EndGlobalSection
EndGlobal
