
Microsoft Visual Studio Solution File, Format Version 12.00
# Visual Studio Version 17
VisualStudioVersion = 17.3.32804.467
MinimumVisualStudioVersion = 10.0.40219.1
Project("{FAE04EC0-301F-11D3-BF4B-00C04F79EFBC}") = "september28th2022", "september28th2022\september28th2022.csproj", "{24645F7A-1DC0-47C0-A00D-05F334EA29A9}"
	ProjectSection(ProjectDependencies) = postProject
		{4306E03E-1493-4441-876B-42B4EC92C10F} = {4306E03E-1493-4441-876B-42B4EC92C10F}
	EndProjectSection
EndProject
Project("{FAE04EC0-301F-11D3-BF4B-00C04F79EFBC}") = "BusinessLogicLibrary", "BusinessLogicLibrary\BusinessLogicLibrary.csproj", "{4306E03E-1493-4441-876B-42B4EC92C10F}"
	ProjectSection(ProjectDependencies) = postProject
		{6F4BF18D-41FF-448D-9C5F-97FD8D3471EB} = {6F4BF18D-41FF-448D-9C5F-97FD8D3471EB}
	EndProjectSection
EndProject
Project("{FAE04EC0-301F-11D3-BF4B-00C04F79EFBC}") = "DataAccessLibrary", "DataAccessLibrary\DataAccessLibrary.csproj", "{6F4BF18D-41FF-448D-9C5F-97FD8D3471EB}"
EndProject
Global
	GlobalSection(SolutionConfigurationPlatforms) = preSolution
		Debug|Any CPU = Debug|Any CPU
		Release|Any CPU = Release|Any CPU
	EndGlobalSection
	GlobalSection(ProjectConfigurationPlatforms) = postSolution
		{24645F7A-1DC0-47C0-A00D-05F334EA29A9}.Debug|Any CPU.ActiveCfg = Debug|Any CPU
		{24645F7A-1DC0-47C0-A00D-05F334EA29A9}.Debug|Any CPU.Build.0 = Debug|Any CPU
		{24645F7A-1DC0-47C0-A00D-05F334EA29A9}.Release|Any CPU.ActiveCfg = Release|Any CPU
		{24645F7A-1DC0-47C0-A00D-05F334EA29A9}.Release|Any CPU.Build.0 = Release|Any CPU
		{4306E03E-1493-4441-876B-42B4EC92C10F}.Debug|Any CPU.ActiveCfg = Debug|Any CPU
		{4306E03E-1493-4441-876B-42B4EC92C10F}.Debug|Any CPU.Build.0 = Debug|Any CPU
		{4306E03E-1493-4441-876B-42B4EC92C10F}.Release|Any CPU.ActiveCfg = Release|Any CPU
		{4306E03E-1493-4441-876B-42B4EC92C10F}.Release|Any CPU.Build.0 = Release|Any CPU
		{6F4BF18D-41FF-448D-9C5F-97FD8D3471EB}.Debug|Any CPU.ActiveCfg = Debug|Any CPU
		{6F4BF18D-41FF-448D-9C5F-97FD8D3471EB}.Debug|Any CPU.Build.0 = Debug|Any CPU
		{6F4BF18D-41FF-448D-9C5F-97FD8D3471EB}.Release|Any CPU.ActiveCfg = Release|Any CPU
		{6F4BF18D-41FF-448D-9C5F-97FD8D3471EB}.Release|Any CPU.Build.0 = Release|Any CPU
	EndGlobalSection
	GlobalSection(SolutionProperties) = preSolution
		HideSolutionNode = FALSE
	EndGlobalSection
	GlobalSection(ExtensibilityGlobals) = postSolution
		SolutionGuid = {A098CF38-28A1-472D-A62C-B924FACBFAE1}
	EndGlobalSection
EndGlobal
