
Microsoft Visual Studio Solution File, Format Version 12.00
# Visual Studio Version 17
VisualStudioVersion = 17.3.32804.467
MinimumVisualStudioVersion = 10.0.40219.1
Project("{FAE04EC0-301F-11D3-BF4B-00C04F79EFBC}") = "19thOctober2022", "19thOctober2022\19thOctober2022.csproj", "{8582FEE9-CEF8-4530-9EAD-79E29DA33EAA}"
EndProject
Project("{FAE04EC0-301F-11D3-BF4B-00C04F79EFBC}") = "19thoctober2022.test", "19thoctober2022.test\19thoctober2022.test.csproj", "{85757D9D-782B-4104-89AE-EBA4A6D3DF0A}"
EndProject
Global
	GlobalSection(SolutionConfigurationPlatforms) = preSolution
		Debug|Any CPU = Debug|Any CPU
		Release|Any CPU = Release|Any CPU
	EndGlobalSection
	GlobalSection(ProjectConfigurationPlatforms) = postSolution
		{8582FEE9-CEF8-4530-9EAD-79E29DA33EAA}.Debug|Any CPU.ActiveCfg = Debug|Any CPU
		{8582FEE9-CEF8-4530-9EAD-79E29DA33EAA}.Debug|Any CPU.Build.0 = Debug|Any CPU
		{8582FEE9-CEF8-4530-9EAD-79E29DA33EAA}.Release|Any CPU.ActiveCfg = Release|Any CPU
		{8582FEE9-CEF8-4530-9EAD-79E29DA33EAA}.Release|Any CPU.Build.0 = Release|Any CPU
		{85757D9D-782B-4104-89AE-EBA4A6D3DF0A}.Debug|Any CPU.ActiveCfg = Debug|Any CPU
		{85757D9D-782B-4104-89AE-EBA4A6D3DF0A}.Debug|Any CPU.Build.0 = Debug|Any CPU
		{85757D9D-782B-4104-89AE-EBA4A6D3DF0A}.Release|Any CPU.ActiveCfg = Release|Any CPU
		{85757D9D-782B-4104-89AE-EBA4A6D3DF0A}.Release|Any CPU.Build.0 = Release|Any CPU
	EndGlobalSection
	GlobalSection(SolutionProperties) = preSolution
		HideSolutionNode = FALSE
	EndGlobalSection
	GlobalSection(ExtensibilityGlobals) = postSolution
		SolutionGuid = {C2C09321-5197-456B-ACDA-CB58E83308AC}
	EndGlobalSection
EndGlobal
